
Microsoft Visual Studio Solution File, Format Version 12.00
# Visual Studio 2012
Project("{FAE04EC0-301F-11D3-BF4B-00C04F79EFBC}") = "AlexThePlane", "AlexThePlane.csproj", "{8E0A015A-7699-4B77-A024-4E5BA4494380}"
EndProject
Global
	GlobalSection(SolutionConfigurationPlatforms) = preSolution
		Debug|Any CPU = Debug|Any CPU
		Release|Any CPU = Release|Any CPU
		pipelinePreDeployCopyAllFilesToOneFolder|Any CPU = pipelinePreDeployCopyAllFilesToOneFolder|Any CPU
	EndGlobalSection
	GlobalSection(ProjectConfigurationPlatforms) = postSolution
		{8E0A015A-7699-4B77-A024-4E5BA4494380}.Debug|Any CPU.ActiveCfg = Debug|Any CPU
		{8E0A015A-7699-4B77-A024-4E5BA4494380}.Debug|Any CPU.Build.0 = Debug|Any CPU
		{8E0A015A-7699-4B77-A024-4E5BA4494380}.Release|Any CPU.ActiveCfg = Release|Any CPU
		{8E0A015A-7699-4B77-A024-4E5BA4494380}.Release|Any CPU.Build.0 = Release|Any CPU
		{8E0A015A-7699-4B77-A024-4E5BA4494380}.pipelinePreDeployCopyAllFilesToOneFolder|Any CPU.ActiveCfg = pipelinePreDeployCopyAllFilesToOneFolder|Any CPU
		{8E0A015A-7699-4B77-A024-4E5BA4494380}.pipelinePreDeployCopyAllFilesToOneFolder|Any CPU.Build.0 = pipelinePreDeployCopyAllFilesToOneFolder|Any CPU
	EndGlobalSection
EndGlobal
